
Microsoft Visual Studio Solution File, Format Version 12.00
# Visual Studio Version 17
VisualStudioVersion = 17.12.35707.178
MinimumVisualStudioVersion = 10.0.40219.1
Project("{FAE04EC0-301F-11D3-BF4B-00C04F79EFBC}") = "MShop.API.Cart", "MShop.API.Cart.csproj", "{66589A77-56DD-42C7-8972-791CC5539D3D}"
EndProject
Project("{2150E333-8FDC-42A3-9474-1A3956D46DE8}") = "src", "src", "{62172F92-8D68-463A-9F16-8D49CEFB1AC2}"
EndProject
Project("{FAE04EC0-301F-11D3-BF4B-00C04F79EFBC}") = "Mshop.Domain", "..\Mshop.Domain\Mshop.Domain.csproj", "{2C6A7AB1-F37B-4B9E-BCB9-FDC84210EF24}"
EndProject
Project("{FAE04EC0-301F-11D3-BF4B-00C04F79EFBC}") = "Mshop.Core", "..\Mshop.Core\Mshop.Core.csproj", "{80D0877B-DA69-494A-8D1E-B89CE711D5EA}"
EndProject
Project("{FAE04EC0-301F-11D3-BF4B-00C04F79EFBC}") = "Mshop.Application", "..\Mshop.Application\Mshop.Application.csproj", "{1B76AA8E-5BD0-43C0-A487-BB91C56FCA72}"
EndProject
Project("{2150E333-8FDC-42A3-9474-1A3956D46DE8}") = "tests", "tests", "{29E6AEEF-3471-40EE-9CDB-945F88F6D71B}"
EndProject
Project("{FAE04EC0-301F-11D3-BF4B-00C04F79EFBC}") = "Mshop.UnitTests", "..\..\tests\Mshop.UnitTests\Mshop.UnitTests.csproj", "{6CBF8F09-8C95-41A6-8E5E-E33DEEF78781}"
EndProject
Project("{FAE04EC0-301F-11D3-BF4B-00C04F79EFBC}") = "Mshop.Core.Test", "..\..\tests\Mshop.Core.Test\Mshop.Core.Test.csproj", "{949FD409-43D0-4677-A130-FDDC5DD257BE}"
EndProject
Project("{FAE04EC0-301F-11D3-BF4B-00C04F79EFBC}") = "Mshop.Infra.Data", "..\Mshop.Infra.Data\Mshop.Infra.Data\Mshop.Infra.Data.csproj", "{68323FA4-38C8-4F50-934B-94F7CA5149C9}"
EndProject
Project("{FAE04EC0-301F-11D3-BF4B-00C04F79EFBC}") = "Mshop.IntegrationTest", "..\..\tests\Mshop.IntegrationTest\Mshop.IntegrationTest.csproj", "{F7E67880-66EF-47B8-8A41-824E24B96C9E}"
EndProject
Project("{FAE04EC0-301F-11D3-BF4B-00C04F79EFBC}") = "Mshop.Infra.Consumer", "..\Mshop.Infra.Consumer\Mshop.Infra.Consumer.csproj", "{9FD01BAD-12B9-481C-99C5-3613FF9699CE}"
EndProject
Project("{FAE04EC0-301F-11D3-BF4B-00C04F79EFBC}") = "MShop.Broker.Cart", "..\MShop.Broker.Cart\MShop.Broker.Cart.csproj", "{BD1F88A8-DC18-448B-87FE-37A0510C5AD6}"
EndProject
Global
	GlobalSection(SolutionConfigurationPlatforms) = preSolution
		Debug|Any CPU = Debug|Any CPU
		Release|Any CPU = Release|Any CPU
	EndGlobalSection
	GlobalSection(ProjectConfigurationPlatforms) = postSolution
		{66589A77-56DD-42C7-8972-791CC5539D3D}.Debug|Any CPU.ActiveCfg = Debug|Any CPU
		{66589A77-56DD-42C7-8972-791CC5539D3D}.Debug|Any CPU.Build.0 = Debug|Any CPU
		{66589A77-56DD-42C7-8972-791CC5539D3D}.Release|Any CPU.ActiveCfg = Release|Any CPU
		{66589A77-56DD-42C7-8972-791CC5539D3D}.Release|Any CPU.Build.0 = Release|Any CPU
		{2C6A7AB1-F37B-4B9E-BCB9-FDC84210EF24}.Debug|Any CPU.ActiveCfg = Debug|Any CPU
		{2C6A7AB1-F37B-4B9E-BCB9-FDC84210EF24}.Debug|Any CPU.Build.0 = Debug|Any CPU
		{2C6A7AB1-F37B-4B9E-BCB9-FDC84210EF24}.Release|Any CPU.ActiveCfg = Release|Any CPU
		{2C6A7AB1-F37B-4B9E-BCB9-FDC84210EF24}.Release|Any CPU.Build.0 = Release|Any CPU
		{80D0877B-DA69-494A-8D1E-B89CE711D5EA}.Debug|Any CPU.ActiveCfg = Debug|Any CPU
		{80D0877B-DA69-494A-8D1E-B89CE711D5EA}.Debug|Any CPU.Build.0 = Debug|Any CPU
		{80D0877B-DA69-494A-8D1E-B89CE711D5EA}.Release|Any CPU.ActiveCfg = Release|Any CPU
		{80D0877B-DA69-494A-8D1E-B89CE711D5EA}.Release|Any CPU.Build.0 = Release|Any CPU
		{1B76AA8E-5BD0-43C0-A487-BB91C56FCA72}.Debug|Any CPU.ActiveCfg = Debug|Any CPU
		{1B76AA8E-5BD0-43C0-A487-BB91C56FCA72}.Debug|Any CPU.Build.0 = Debug|Any CPU
		{1B76AA8E-5BD0-43C0-A487-BB91C56FCA72}.Release|Any CPU.ActiveCfg = Release|Any CPU
		{1B76AA8E-5BD0-43C0-A487-BB91C56FCA72}.Release|Any CPU.Build.0 = Release|Any CPU
		{6CBF8F09-8C95-41A6-8E5E-E33DEEF78781}.Debug|Any CPU.ActiveCfg = Debug|Any CPU
		{6CBF8F09-8C95-41A6-8E5E-E33DEEF78781}.Debug|Any CPU.Build.0 = Debug|Any CPU
		{6CBF8F09-8C95-41A6-8E5E-E33DEEF78781}.Release|Any CPU.ActiveCfg = Release|Any CPU
		{6CBF8F09-8C95-41A6-8E5E-E33DEEF78781}.Release|Any CPU.Build.0 = Release|Any CPU
		{949FD409-43D0-4677-A130-FDDC5DD257BE}.Debug|Any CPU.ActiveCfg = Debug|Any CPU
		{949FD409-43D0-4677-A130-FDDC5DD257BE}.Debug|Any CPU.Build.0 = Debug|Any CPU
		{949FD409-43D0-4677-A130-FDDC5DD257BE}.Release|Any CPU.ActiveCfg = Release|Any CPU
		{949FD409-43D0-4677-A130-FDDC5DD257BE}.Release|Any CPU.Build.0 = Release|Any CPU
		{68323FA4-38C8-4F50-934B-94F7CA5149C9}.Debug|Any CPU.ActiveCfg = Debug|Any CPU
		{68323FA4-38C8-4F50-934B-94F7CA5149C9}.Debug|Any CPU.Build.0 = Debug|Any CPU
		{68323FA4-38C8-4F50-934B-94F7CA5149C9}.Release|Any CPU.ActiveCfg = Release|Any CPU
		{68323FA4-38C8-4F50-934B-94F7CA5149C9}.Release|Any CPU.Build.0 = Release|Any CPU
		{F7E67880-66EF-47B8-8A41-824E24B96C9E}.Debug|Any CPU.ActiveCfg = Debug|Any CPU
		{F7E67880-66EF-47B8-8A41-824E24B96C9E}.Debug|Any CPU.Build.0 = Debug|Any CPU
		{F7E67880-66EF-47B8-8A41-824E24B96C9E}.Release|Any CPU.ActiveCfg = Release|Any CPU
		{F7E67880-66EF-47B8-8A41-824E24B96C9E}.Release|Any CPU.Build.0 = Release|Any CPU
		{9FD01BAD-12B9-481C-99C5-3613FF9699CE}.Debug|Any CPU.ActiveCfg = Debug|Any CPU
		{9FD01BAD-12B9-481C-99C5-3613FF9699CE}.Debug|Any CPU.Build.0 = Debug|Any CPU
		{9FD01BAD-12B9-481C-99C5-3613FF9699CE}.Release|Any CPU.ActiveCfg = Release|Any CPU
		{9FD01BAD-12B9-481C-99C5-3613FF9699CE}.Release|Any CPU.Build.0 = Release|Any CPU
		{BD1F88A8-DC18-448B-87FE-37A0510C5AD6}.Debug|Any CPU.ActiveCfg = Debug|Any CPU
		{BD1F88A8-DC18-448B-87FE-37A0510C5AD6}.Debug|Any CPU.Build.0 = Debug|Any CPU
		{BD1F88A8-DC18-448B-87FE-37A0510C5AD6}.Release|Any CPU.ActiveCfg = Release|Any CPU
		{BD1F88A8-DC18-448B-87FE-37A0510C5AD6}.Release|Any CPU.Build.0 = Release|Any CPU
	EndGlobalSection
	GlobalSection(SolutionProperties) = preSolution
		HideSolutionNode = FALSE
	EndGlobalSection
	GlobalSection(NestedProjects) = preSolution
		{66589A77-56DD-42C7-8972-791CC5539D3D} = {62172F92-8D68-463A-9F16-8D49CEFB1AC2}
		{2C6A7AB1-F37B-4B9E-BCB9-FDC84210EF24} = {62172F92-8D68-463A-9F16-8D49CEFB1AC2}
		{80D0877B-DA69-494A-8D1E-B89CE711D5EA} = {62172F92-8D68-463A-9F16-8D49CEFB1AC2}
		{1B76AA8E-5BD0-43C0-A487-BB91C56FCA72} = {62172F92-8D68-463A-9F16-8D49CEFB1AC2}
		{6CBF8F09-8C95-41A6-8E5E-E33DEEF78781} = {29E6AEEF-3471-40EE-9CDB-945F88F6D71B}
		{949FD409-43D0-4677-A130-FDDC5DD257BE} = {29E6AEEF-3471-40EE-9CDB-945F88F6D71B}
		{68323FA4-38C8-4F50-934B-94F7CA5149C9} = {62172F92-8D68-463A-9F16-8D49CEFB1AC2}
		{F7E67880-66EF-47B8-8A41-824E24B96C9E} = {29E6AEEF-3471-40EE-9CDB-945F88F6D71B}
		{9FD01BAD-12B9-481C-99C5-3613FF9699CE} = {62172F92-8D68-463A-9F16-8D49CEFB1AC2}
		{BD1F88A8-DC18-448B-87FE-37A0510C5AD6} = {62172F92-8D68-463A-9F16-8D49CEFB1AC2}
	EndGlobalSection
EndGlobal
